{
  "name": "flix",
  "lockfileVersion": 2,
  "requires": true,
  "packages": {
    "": {
      "devDependencies": {
        "prettier": "^2.8.8",
        "prettier-plugin-ruby": "^0.3.1"
      }
    },
    "node_modules/prettier": {
      "version": "2.8.8",
      "resolved": "https://registry.npmjs.org/prettier/-/prettier-2.8.8.tgz",
      "integrity": "sha512-tdN8qQGvNjw4CHbY+XXk0JgCXn9QiF21a55rBe5LJAU+kDyC4WQn4+awm2Xfk2lQMk5fKup9XgzTZtGkjBdP9Q==",
      "dev": true,
      "bin": {
        "prettier": "bin-prettier.js"
      },
      "engines": {
        "node": ">=10.13.0"
      },
      "funding": {
        "url": "https://github.com/prettier/prettier?sponsor=1"
      }
    },
    "node_modules/prettier-plugin-ruby": {
      "version": "0.3.1",
      "resolved": "https://registry.npmjs.org/prettier-plugin-ruby/-/prettier-plugin-ruby-0.3.1.tgz",
      "integrity": "sha512-ASJ+YpeFeSiHEU2eR1goWLqusRqSIpb2J9Fsh6loDJ8lx09peKKoV6w5ZnO5ggHBz5UHyd2HNe8Wr1gApSXXHA==",
      "deprecated": "Please migrate over to using @prettier/plugin-ruby",
      "dev": true,
      "dependencies": {
        "prettier": "^1.16.4"
      }
    },
    "node_modules/prettier-plugin-ruby/node_modules/prettier": {
      "version": "1.19.1",
      "resolved": "https://registry.npmjs.org/prettier/-/prettier-1.19.1.tgz",
      "integrity": "sha512-s7PoyDv/II1ObgQunCbB9PdLmUcBZcnWOcxDh7O0N/UwDEsHyqkW+Qh28jW+mVuCdx7gLB0BotYI1Y6uI9iyew==",
      "dev": true,
      "bin": {
        "prettier": "bin-prettier.js"
      },
      "engines": {
        "node": ">=4"
      }
    }
  },
  "dependencies": {
    "prettier": {
      "version": "2.8.8",
      "resolved": "https://registry.npmjs.org/prettier/-/prettier-2.8.8.tgz",
      "integrity": "sha512-tdN8qQGvNjw4CHbY+XXk0JgCXn9QiF21a55rBe5LJAU+kDyC4WQn4+awm2Xfk2lQMk5fKup9XgzTZtGkjBdP9Q==",
      "dev": true
    },
    "prettier-plugin-ruby": {
      "version": "0.3.1",
      "resolved": "https://registry.npmjs.org/prettier-plugin-ruby/-/prettier-plugin-ruby-0.3.1.tgz",
      "integrity": "sha512-ASJ+YpeFeSiHEU2eR1goWLqusRqSIpb2J9Fsh6loDJ8lx09peKKoV6w5ZnO5ggHBz5UHyd2HNe8Wr1gApSXXHA==",
      "dev": true,
      "requires": {
        "prettier": "^1.16.4"
      },
      "dependencies": {
        "prettier": {
          "version": "1.19.1",
          "resolved": "https://registry.npmjs.org/prettier/-/prettier-1.19.1.tgz",
          "integrity": "sha512-s7PoyDv/II1ObgQunCbB9PdLmUcBZcnWOcxDh7O0N/UwDEsHyqkW+Qh28jW+mVuCdx7gLB0BotYI1Y6uI9iyew==",
          "dev": true
        }
      }
    }
  }
}
